
Microsoft Visual Studio Solution File, Format Version 12.00
# Visual Studio Version 17
VisualStudioVersion = 17.0.32112.339
MinimumVisualStudioVersion = 10.0.40219.1
Project("{FAE04EC0-301F-11D3-BF4B-00C04F79EFBC}") = "SequenceOutput", "SequenceOutput\SequenceOutput.csproj", "{250E7704-1F5E-4021-8DFF-2E9678D69598}"
EndProject
Global
	GlobalSection(SolutionConfigurationPlatforms) = preSolution
		Debug|Any CPU = Debug|Any CPU
		Release|Any CPU = Release|Any CPU
	EndGlobalSection
	GlobalSection(ProjectConfigurationPlatforms) = postSolution
		{250E7704-1F5E-4021-8DFF-2E9678D69598}.Debug|Any CPU.ActiveCfg = Debug|Any CPU
		{250E7704-1F5E-4021-8DFF-2E9678D69598}.Debug|Any CPU.Build.0 = Debug|Any CPU
		{250E7704-1F5E-4021-8DFF-2E9678D69598}.Release|Any CPU.ActiveCfg = Release|Any CPU
		{250E7704-1F5E-4021-8DFF-2E9678D69598}.Release|Any CPU.Build.0 = Release|Any CPU
	EndGlobalSection
	GlobalSection(SolutionProperties) = preSolution
		HideSolutionNode = FALSE
	EndGlobalSection
	GlobalSection(ExtensibilityGlobals) = postSolution
		SolutionGuid = {149B31E6-9336-4C73-963A-6496D0E5CCB5}
	EndGlobalSection
EndGlobal
